
Microsoft Visual Studio Solution File, Format Version 12.00
# Visual Studio Version 16
VisualStudioVersion = 16.0.29709.97
MinimumVisualStudioVersion = 10.0.40219.1
Project("{FAE04EC0-301F-11D3-BF4B-00C04F79EFBC}") = "DirectoryScanner", "DirectoryScanner\DirectoryScanner.csproj", "{A7115ABC-D8A1-452D-AAC9-FF5181E5046E}"
EndProject
Global
	GlobalSection(SolutionConfigurationPlatforms) = preSolution
		Debug|Any CPU = Debug|Any CPU
		Release|Any CPU = Release|Any CPU
	EndGlobalSection
	GlobalSection(ProjectConfigurationPlatforms) = postSolution
		{A7115ABC-D8A1-452D-AAC9-FF5181E5046E}.Debug|Any CPU.ActiveCfg = Debug|Any CPU
		{A7115ABC-D8A1-452D-AAC9-FF5181E5046E}.Debug|Any CPU.Build.0 = Debug|Any CPU
		{A7115ABC-D8A1-452D-AAC9-FF5181E5046E}.Release|Any CPU.ActiveCfg = Release|Any CPU
		{A7115ABC-D8A1-452D-AAC9-FF5181E5046E}.Release|Any CPU.Build.0 = Release|Any CPU
	EndGlobalSection
	GlobalSection(SolutionProperties) = preSolution
		HideSolutionNode = FALSE
	EndGlobalSection
	GlobalSection(ExtensibilityGlobals) = postSolution
		SolutionGuid = {97377619-FA07-429A-BBCD-E1AE634DB98E}
	EndGlobalSection
EndGlobal
